
Microsoft Visual Studio Solution File, Format Version 12.00
# Visual Studio 15
VisualStudioVersion = 15.0.28307.421
MinimumVisualStudioVersion = 10.0.40219.1
Project("{FAE04EC0-301F-11D3-BF4B-00C04F79EFBC}") = "ConsoleApp5", "ConsoleApp5\ConsoleApp5.csproj", "{A6A3605D-F1AD-4609-B93D-C91C8BC90140}"
EndProject
Global
	GlobalSection(SolutionConfigurationPlatforms) = preSolution
		Debug|Any CPU = Debug|Any CPU
		Release|Any CPU = Release|Any CPU
	EndGlobalSection
	GlobalSection(ProjectConfigurationPlatforms) = postSolution
		{A6A3605D-F1AD-4609-B93D-C91C8BC90140}.Debug|Any CPU.ActiveCfg = Debug|Any CPU
		{A6A3605D-F1AD-4609-B93D-C91C8BC90140}.Debug|Any CPU.Build.0 = Debug|Any CPU
		{A6A3605D-F1AD-4609-B93D-C91C8BC90140}.Release|Any CPU.ActiveCfg = Release|Any CPU
		{A6A3605D-F1AD-4609-B93D-C91C8BC90140}.Release|Any CPU.Build.0 = Release|Any CPU
	EndGlobalSection
	GlobalSection(SolutionProperties) = preSolution
		HideSolutionNode = FALSE
	EndGlobalSection
	GlobalSection(ExtensibilityGlobals) = postSolution
		SolutionGuid = {BE8F7A61-492F-4131-8F80-C1423B519718}
	EndGlobalSection
EndGlobal
